
Microsoft Visual Studio Solution File, Format Version 12.00
# Visual Studio Version 16
VisualStudioVersion = 16.0.29102.190
MinimumVisualStudioVersion = 10.0.40219.1
Project("{FAE04EC0-301F-11D3-BF4B-00C04F79EFBC}") = "BlackHoleSimulation", "BlackHoleSimulation\BlackHoleSimulation.csproj", "{FFC18F34-237A-4BA1-A651-80126D9A73FC}"
EndProject
Global
	GlobalSection(SolutionConfigurationPlatforms) = preSolution
		Debug|Any CPU = Debug|Any CPU
		Release|Any CPU = Release|Any CPU
	EndGlobalSection
	GlobalSection(ProjectConfigurationPlatforms) = postSolution
		{FFC18F34-237A-4BA1-A651-80126D9A73FC}.Debug|Any CPU.ActiveCfg = Debug|Any CPU
		{FFC18F34-237A-4BA1-A651-80126D9A73FC}.Debug|Any CPU.Build.0 = Debug|Any CPU
		{FFC18F34-237A-4BA1-A651-80126D9A73FC}.Release|Any CPU.ActiveCfg = Release|Any CPU
		{FFC18F34-237A-4BA1-A651-80126D9A73FC}.Release|Any CPU.Build.0 = Release|Any CPU
	EndGlobalSection
	GlobalSection(SolutionProperties) = preSolution
		HideSolutionNode = FALSE
	EndGlobalSection
	GlobalSection(ExtensibilityGlobals) = postSolution
		SolutionGuid = {A9FB5134-D7BE-407C-B5F2-17A996258C3F}
	EndGlobalSection
EndGlobal
